
Microsoft Visual Studio Solution File, Format Version 12.00
# Visual Studio Version 17
VisualStudioVersion = 17.0.31903.59
MinimumVisualStudioVersion = 10.0.40219.1
Project("{FAE04EC0-301F-11D3-BF4B-00C04F79EFBC}") = "Exercice6", "Exercice6\Exercice6.csproj", "{F34E5B0F-844D-47AB-A9E0-D54E6DC86B83}"
EndProject
Project("{FAE04EC0-301F-11D3-BF4B-00C04F79EFBC}") = "Exercice6.Tests", "Exercice6.Tests\Exercice6.Tests.csproj", "{C51D3561-50AC-47F1-9294-BCDEA2D08D13}"
EndProject
Global
	GlobalSection(SolutionConfigurationPlatforms) = preSolution
		Debug|Any CPU = Debug|Any CPU
		Release|Any CPU = Release|Any CPU
	EndGlobalSection
	GlobalSection(SolutionProperties) = preSolution
		HideSolutionNode = FALSE
	EndGlobalSection
	GlobalSection(ProjectConfigurationPlatforms) = postSolution
		{F34E5B0F-844D-47AB-A9E0-D54E6DC86B83}.Debug|Any CPU.ActiveCfg = Debug|Any CPU
		{F34E5B0F-844D-47AB-A9E0-D54E6DC86B83}.Debug|Any CPU.Build.0 = Debug|Any CPU
		{F34E5B0F-844D-47AB-A9E0-D54E6DC86B83}.Release|Any CPU.ActiveCfg = Release|Any CPU
		{F34E5B0F-844D-47AB-A9E0-D54E6DC86B83}.Release|Any CPU.Build.0 = Release|Any CPU
		{C51D3561-50AC-47F1-9294-BCDEA2D08D13}.Debug|Any CPU.ActiveCfg = Debug|Any CPU
		{C51D3561-50AC-47F1-9294-BCDEA2D08D13}.Debug|Any CPU.Build.0 = Debug|Any CPU
		{C51D3561-50AC-47F1-9294-BCDEA2D08D13}.Release|Any CPU.ActiveCfg = Release|Any CPU
		{C51D3561-50AC-47F1-9294-BCDEA2D08D13}.Release|Any CPU.Build.0 = Release|Any CPU
	EndGlobalSection
EndGlobal
